// !$*UTF8*$!
{
	archiveVersion = 1;
	classes = {
	};
	objectVersion = 50;
	objects = {

/* Begin PBXBuildFile section */
		1041768D23E9E7CA00245782 /* AppDelegate.swift in Sources */ = {isa = PBXBuildFile; fileRef = 1041768C23E9E7CA00245782 /* AppDelegate.swift */; };
		1041768F23E9E7CA00245782 /* SceneDelegate.swift in Sources */ = {isa = PBXBuildFile; fileRef = 1041768E23E9E7CA00245782 /* SceneDelegate.swift */; };
		1041769123E9E7CA00245782 /* ViewController.swift in Sources */ = {isa = PBXBuildFile; fileRef = 1041769023E9E7CA00245782 /* ViewController.swift */; };
		1041769423E9E7CA00245782 /* Main.storyboard in Resources */ = {isa = PBXBuildFile; fileRef = 1041769223E9E7CA00245782 /* Main.storyboard */; };
		1041769623E9E7D000245782 /* Assets.xcassets in Resources */ = {isa = PBXBuildFile; fileRef = 1041769523E9E7D000245782 /* Assets.xcassets */; };
		1041769923E9E7D000245782 /* LaunchScreen.storyboard in Resources */ = {isa = PBXBuildFile; fileRef = 1041769723E9E7D000245782 /* LaunchScreen.storyboard */; };
		104176A623E9EA2C00245782 /* HomeViewController.swift in Sources */ = {isa = PBXBuildFile; fileRef = 104176A523E9EA2C00245782 /* HomeViewController.swift */; };
/* End PBXBuildFile section */

/* Begin PBXFileReference section */
		1041768923E9E7CA00245782 /* TwoCollectionVIewSingleVIewController.app */ = {isa = PBXFileReference; explicitFileType = wrapper.application; includeInIndex = 0; path = TwoCollectionVIewSingleVIewController.app; sourceTree = BUILT_PRODUCTS_DIR; };
		1041768C23E9E7CA00245782 /* AppDelegate.swift */ = {isa = PBXFileReference; lastKnownFileType = sourcecode.swift; path = AppDelegate.swift; sourceTree = "<group>"; };
		1041768E23E9E7CA00245782 /* SceneDelegate.swift */ = {isa = PBXFileReference; lastKnownFileType = sourcecode.swift; path = SceneDelegate.swift; sourceTree = "<group>"; };
		1041769023E9E7CA00245782 /* ViewController.swift */ = {isa = PBXFileReference; lastKnownFileType = sourcecode.swift; path = ViewController.swift; sourceTree = "<group>"; };
		1041769323E9E7CA00245782 /* Base */ = {isa = PBXFileReference; lastKnownFileType = file.storyboard; name = Base; path = Base.lproj/Main.storyboard; sourceTree = "<group>"; };
		1041769523E9E7D000245782 /* Assets.xcassets */ = {isa = PBXFileReference; lastKnownFileType = folder.assetcatalog; path = Assets.xcassets; sourceTree = "<group>"; };
		1041769823E9E7D000245782 /* Base */ = {isa = PBXFileReference; lastKnownFileType = file.storyboard; name = Base; path = Base.lproj/LaunchScreen.storyboard; sourceTree = "<group>"; };
		1041769A23E9E7D000245782 /* Info.plist */ = {isa = PBXFileReference; lastKnownFileType = text.plist.xml; path = Info.plist; sourceTree = "<group>"; };
		104176A523E9EA2C00245782 /* HomeViewController.swift */ = {isa = PBXFileReference; lastKnownFileType = sourcecode.swift; path = HomeViewController.swift; sourceTree = "<group>"; };
/* End PBXFileReference section */

/* Begin PBXFrameworksBuildPhase section */
		1041768623E9E7CA00245782 /* Frameworks */ = {
			isa = PBXFrameworksBuildPhase;
			buildActionMask = 2147483647;
			files = (
			);
			runOnlyForDeploymentPostprocessing = 0;
		};
/* End PBXFrameworksBuildPhase section */

/* Begin PBXGroup section */
		1041768023E9E7CA00245782 = {
			isa = PBXGroup;
			children = (
				1041768B23E9E7CA00245782 /* TwoCollectionVIewSingleVIewController */,
				1041768A23E9E7CA00245782 /* Products */,
			);
			sourceTree = "<group>";
		};
		1041768A23E9E7CA00245782 /* Products */ = {
			isa = PBXGroup;
			children = (
				1041768923E9E7CA00245782 /* TwoCollectionVIewSingleVIewController.app */,
			);
			name = Products;
			sourceTree = "<group>";
		};
		1041768B23E9E7CA00245782 /* TwoCollectionVIewSingleVIewController */ = {
			isa = PBXGroup;
			children = (
				104176A423E9E85C00245782 /* collectionViewCell */,
				104176A323E9E82800245782 /* View */,
				104176A223E9E81000245782 /* SupportFiles */,
				104176A123E9E80200245782 /* Controller */,
				104176A023E9E7EA00245782 /* AppDelegate */,
				1041769523E9E7D000245782 /* Assets.xcassets */,
				1041769A23E9E7D000245782 /* Info.plist */,
			);
			path = TwoCollectionVIewSingleVIewController;
			sourceTree = "<group>";
		};
		104176A023E9E7EA00245782 /* AppDelegate */ = {
			isa = PBXGroup;
			children = (
				1041768E23E9E7CA00245782 /* SceneDelegate.swift */,
				1041768C23E9E7CA00245782 /* AppDelegate.swift */,
			);
			path = AppDelegate;
			sourceTree = "<group>";
		};
		104176A123E9E80200245782 /* Controller */ = {
			isa = PBXGroup;
			children = (
				104176A523E9EA2C00245782 /* HomeViewController.swift */,
			);
			path = Controller;
			sourceTree = "<group>";
		};
		104176A223E9E81000245782 /* SupportFiles */ = {
			isa = PBXGroup;
			children = (
				1041769023E9E7CA00245782 /* ViewController.swift */,
			);
			path = SupportFiles;
			sourceTree = "<group>";
		};
		104176A323E9E82800245782 /* View */ = {
			isa = PBXGroup;
			children = (
				1041769723E9E7D000245782 /* LaunchScreen.storyboard */,
				1041769223E9E7CA00245782 /* Main.storyboard */,
			);
			path = View;
			sourceTree = "<group>";
		};
		104176A423E9E85C00245782 /* collectionViewCell */ = {
			isa = PBXGroup;
			children = (
			);
			path = collectionViewCell;
			sourceTree = "<group>";
		};
/* End PBXGroup section */

/* Begin PBXNativeTarget section */
		1041768823E9E7CA00245782 /* TwoCollectionVIewSingleVIewController */ = {
			isa = PBXNativeTarget;
			buildConfigurationList = 1041769D23E9E7D000245782 /* Build configuration list for PBXNativeTarget "TwoCollectionVIewSingleVIewController" */;
			buildPhases = (
				1041768523E9E7CA00245782 /* Sources */,
				1041768623E9E7CA00245782 /* Frameworks */,
				1041768723E9E7CA00245782 /* Resources */,
			);
			buildRules = (
			);
			dependencies = (
			);
			name = TwoCollectionVIewSingleVIewController;
			productName = TwoCollectionVIewSingleVIewController;
			productReference = 1041768923E9E7CA00245782 /* TwoCollectionVIewSingleVIewController.app */;
			productType = "com.apple.product-type.application";
		};
/* End PBXNativeTarget section */

/* Begin PBXProject section */
		1041768123E9E7CA00245782 /* Project object */ = {
			isa = PBXProject;
			attributes = {
				LastSwiftUpdateCheck = 1130;
				LastUpgradeCheck = 1130;
				ORGANIZATIONNAME = "Muhammad Abdullah Al Mamun";
				TargetAttributes = {
					1041768823E9E7CA00245782 = {
						CreatedOnToolsVersion = 11.3.1;
					};
				};
			};
			buildConfigurationList = 1041768423E9E7CA00245782 /* Build configuration list for PBXProject "TwoCollectionVIewSingleVIewController" */;
			compatibilityVersion = "Xcode 9.3";
			developmentRegion = en;
			hasScannedForEncodings = 0;
			knownRegions = (
				en,
				Base,
			);
			mainGroup = 1041768023E9E7CA00245782;
			productRefGroup = 1041768A23E9E7CA00245782 /* Products */;
			projectDirPath = "";
			projectRoot = "";
			targets = (
				1041768823E9E7CA00245782 /* TwoCollectionVIewSingleVIewController */,
			);
		};
/* End PBXProject section */

/* Begin PBXResourcesBuildPhase section */
		1041768723E9E7CA00245782 /* Resources */ = {
			isa = PBXResourcesBuildPhase;
			buildActionMask = 2147483647;
			files = (
				1041769923E9E7D000245782 /* LaunchScreen.storyboard in Resources */,
				1041769623E9E7D000245782 /* Assets.xcassets in Resources */,
				1041769423E9E7CA00245782 /* Main.storyboard in Resources */,
			);
			runOnlyForDeploymentPostprocessing = 0;
		};
/* End PBXResourcesBuildPhase section */

/* Begin PBXSourcesBuildPhase section */
		1041768523E9E7CA00245782 /* Sources */ = {
			isa = PBXSourcesBuildPhase;
			buildActionMask = 2147483647;
			files = (
				1041769123E9E7CA00245782 /* ViewController.swift in Sources */,
				1041768D23E9E7CA00245782 /* AppDelegate.swift in Sources */,
				1041768F23E9E7CA00245782 /* SceneDelegate.swift in Sources */,
				104176A623E9EA2C00245782 /* HomeViewController.swift in Sources */,
			);
			runOnlyForDeploymentPostprocessing = 0;
		};
/* End PBXSourcesBuildPhase section */

/* Begin PBXVariantGroup section */
		1041769223E9E7CA00245782 /* Main.storyboard */ = {
			isa = PBXVariantGroup;
			children = (
				1041769323E9E7CA00245782 /* Base */,
			);
			name = Main.storyboard;
			sourceTree = "<group>";
		};
		1041769723E9E7D000245782 /* LaunchScreen.storyboard */ = {
			isa = PBXVariantGroup;
			children = (
				1041769823E9E7D000245782 /* Base */,
			);
			name = LaunchScreen.storyboard;
			sourceTree = "<group>";
		};
/* End PBXVariantGroup section */

/* Begin XCBuildConfiguration section */
		1041769B23E9E7D000245782 /* Debug */ = {
			isa = XCBuildConfiguration;
			buildSettings = {
				ALWAYS_SEARCH_USER_PATHS = NO;
				CLANG_ANALYZER_NONNULL = YES;
				CLANG_ANALYZER_NUMBER_OBJECT_CONVERSION = YES_AGGRESSIVE;
				CLANG_CXX_LANGUAGE_STANDARD = "gnu++14";
				CLANG_CXX_LIBRARY = "libc++";
				CLANG_ENABLE_MODULES = YES;
				CLANG_ENABLE_OBJC_ARC = YES;
				CLANG_ENABLE_OBJC_WEAK = YES;
				CLANG_WARN_BLOCK_CAPTURE_AUTORELEASING = YES;
				CLANG_WARN_BOOL_CONVERSION = YES;
				CLANG_WARN_COMMA = YES;
				CLANG_WARN_CONSTANT_CONVERSION = YES;
				CLANG_WARN_DEPRECATED_OBJC_IMPLEMENTATIONS = YES;
				CLANG_WARN_DIRECT_OBJC_ISA_USAGE = YES_ERROR;
				CLANG_WARN_DOCUMENTATION_COMMENTS = YES;
				CLANG_WARN_EMPTY_BODY = YES;
				CLANG_WARN_ENUM_CONVERSION = YES;
				CLANG_WARN_INFINITE_RECURSION = YES;
				CLANG_WARN_INT_CONVERSION = YES;
				CLANG_WARN_NON_LITERAL_NULL_CONVERSION = YES;
				CLANG_WARN_OBJC_IMPLICIT_RETAIN_SELF = YES;
				CLANG_WARN_OBJC_LITERAL_CONVERSION = YES;
				CLANG_WARN_OBJC_ROOT_CLASS = YES_ERROR;
				CLANG_WARN_RANGE_LOOP_ANALYSIS = YES;
				CLANG_WARN_STRICT_PROTOTYPES = YES;
				CLANG_WARN_SUSPICIOUS_MOVE = YES;
				CLANG_WARN_UNGUARDED_AVAILABILITY = YES_AGGRESSIVE;
				CLANG_WARN_UNREACHABLE_CODE = YES;
				CLANG_WARN__DUPLICATE_METHOD_MATCH = YES;
				COPY_PHASE_STRIP = NO;
				DEBUG_INFORMATION_FORMAT = dwarf;
				ENABLE_STRICT_OBJC_MSGSEND = YES;
				ENABLE_TESTABILITY = YES;
				GCC_C_LANGUAGE_STANDARD = gnu11;
				GCC_DYNAMIC_NO_PIC = NO;
				GCC_NO_COMMON_BLOCKS = YES;
				GCC_OPTIMIZATION_LEVEL = 0;
				GCC_PREPROCESSOR_DEFINITIONS = (
					"DEBUG=1",
					"$(inherited)",
				);
				GCC_WARN_64_TO_32_BIT_CONVERSION = YES;
				GCC_WARN_ABOUT_RETURN_TYPE = YES_ERROR;
				GCC_WARN_UNDECLARED_SELECTOR = YES;
				GCC_WARN_UNINITIALIZED_AUTOS = YES_AGGRESSIVE;
				GCC_WARN_UNUSED_FUNCTION = YES;
				GCC_WARN_UNUSED_VARIABLE = YES;
				IPHONEOS_DEPLOYMENT_TARGET = 13.2;
				MTL_ENABLE_DEBUG_INFO = INCLUDE_SOURCE;
				MTL_FAST_MATH = YES;
				ONLY_ACTIVE_ARCH = YES;
				SDKROOT = iphoneos;
				SWIFT_ACTIVE_COMPILATION_CONDITIONS = DEBUG;
				SWIFT_OPTIMIZATION_LEVEL = "-Onone";
			};
			name = Debug;
		};
		1041769C23E9E7D000245782 /* Release */ = {
			isa = XCBuildConfiguration;
			buildSettings = {
				ALWAYS_SEARCH_USER_PATHS = NO;
				CLANG_ANALYZER_NONNULL = YES;
				CLANG_ANALYZER_NUMBER_OBJECT_CONVERSION = YES_AGGRESSIVE;
				CLANG_CXX_LANGUAGE_STANDARD = "gnu++14";
				CLANG_CXX_LIBRARY = "libc++";
				CLANG_ENABLE_MODULES = YES;
				CLANG_ENABLE_OBJC_ARC = YES;
				CLANG_ENABLE_OBJC_WEAK = YES;
				CLANG_WARN_BLOCK_CAPTURE_AUTORELEASING = YES;
				CLANG_WARN_BOOL_CONVERSION = YES;
				CLANG_WARN_COMMA = YES;
				CLANG_WARN_CONSTANT_CONVERSION = YES;
				CLANG_WARN_DEPRECATED_OBJC_IMPLEMENTATIONS = YES;
				CLANG_WARN_DIRECT_OBJC_ISA_USAGE = YES_ERROR;
				CLANG_WARN_DOCUMENTATION_COMMENTS = YES;
				CLANG_WARN_EMPTY_BODY = YES;
				CLANG_WARN_ENUM_CONVERSION = YES;
				CLANG_WARN_INFINITE_RECURSION = YES;
				CLANG_WARN_INT_CONVERSION = YES;
				CLANG_WARN_NON_LITERAL_NULL_CONVERSION = YES;
				CLANG_WARN_OBJC_IMPLICIT_RETAIN_SELF = YES;
				CLANG_WARN_OBJC_LITERAL_CONVERSION = YES;
				CLANG_WARN_OBJC_ROOT_CLASS = YES_ERROR;
				CLANG_WARN_RANGE_LOOP_ANALYSIS = YES;
				CLANG_WARN_STRICT_PROTOTYPES = YES;
				CLANG_WARN_SUSPICIOUS_MOVE = YES;
				CLANG_WARN_UNGUARDED_AVAILABILITY = YES_AGGRESSIVE;
				CLANG_WARN_UNREACHABLE_CODE = YES;
				CLANG_WARN__DUPLICATE_METHOD_MATCH = YES;
				COPY_PHASE_STRIP = NO;
				DEBUG_INFORMATION_FORMAT = "dwarf-with-dsym";
				ENABLE_NS_ASSERTIONS = NO;
				ENABLE_STRICT_OBJC_MSGSEND = YES;
				GCC_C_LANGUAGE_STANDARD = gnu11;
				GCC_NO_COMMON_BLOCKS = YES;
				GCC_WARN_64_TO_32_BIT_CONVERSION = YES;
				GCC_WARN_ABOUT_RETURN_TYPE = YES_ERROR;
				GCC_WARN_UNDECLARED_SELECTOR = YES;
				GCC_WARN_UNINITIALIZED_AUTOS = YES_AGGRESSIVE;
				GCC_WARN_UNUSED_FUNCTION = YES;
				GCC_WARN_UNUSED_VARIABLE = YES;
				IPHONEOS_DEPLOYMENT_TARGET = 13.2;
				MTL_ENABLE_DEBUG_INFO = NO;
				MTL_FAST_MATH = YES;
				SDKROOT = iphoneos;
				SWIFT_COMPILATION_MODE = wholemodule;
				SWIFT_OPTIMIZATION_LEVEL = "-O";
				VALIDATE_PRODUCT = YES;
			};
			name = Release;
		};
		1041769E23E9E7D000245782 /* Debug */ = {
			isa = XCBuildConfiguration;
			buildSettings = {
				ASSETCATALOG_COMPILER_APPICON_NAME = AppIcon;
				CODE_SIGN_STYLE = Automatic;
				DEVELOPMENT_TEAM = 394UL6G6J2;
				INFOPLIST_FILE = TwoCollectionVIewSingleVIewController/Info.plist;
				LD_RUNPATH_SEARCH_PATHS = (
					"$(inherited)",
					"@executable_path/Frameworks",
				);
				PRODUCT_BUNDLE_IDENTIFIER = com.abdullah.TwoCollectionVIewSingleVIewController;
				PRODUCT_NAME = "$(TARGET_NAME)";
				SWIFT_VERSION = 5.0;
				TARGETED_DEVICE_FAMILY = "1,2";
			};
			name = Debug;
		};
		1041769F23E9E7D000245782 /* Release */ = {
			isa = XCBuildConfiguration;
			buildSettings = {
				ASSETCATALOG_COMPILER_APPICON_NAME = AppIcon;
				CODE_SIGN_STYLE = Automatic;
				DEVELOPMENT_TEAM = 394UL6G6J2;
				INFOPLIST_FILE = TwoCollectionVIewSingleVIewController/Info.plist;
				LD_RUNPATH_SEARCH_PATHS = (
					"$(inherited)",
					"@executable_path/Frameworks",
				);
				PRODUCT_BUNDLE_IDENTIFIER = com.abdullah.TwoCollectionVIewSingleVIewController;
				PRODUCT_NAME = "$(TARGET_NAME)";
				SWIFT_VERSION = 5.0;
				TARGETED_DEVICE_FAMILY = "1,2";
			};
			name = Release;
		};
/* End XCBuildConfiguration section */

/* Begin XCConfigurationList section */
		1041768423E9E7CA00245782 /* Build configuration list for PBXProject "TwoCollectionVIewSingleVIewController" */ = {
			isa = XCConfigurationList;
			buildConfigurations = (
				1041769B23E9E7D000245782 /* Debug */,
				1041769C23E9E7D000245782 /* Release */,
			);
			defaultConfigurationIsVisible = 0;
			defaultConfigurationName = Release;
		};
		1041769D23E9E7D000245782 /* Build configuration list for PBXNativeTarget "TwoCollectionVIewSingleVIewController" */ = {
			isa = XCConfigurationList;
			buildConfigurations = (
				1041769E23E9E7D000245782 /* Debug */,
				1041769F23E9E7D000245782 /* Release */,
			);
			defaultConfigurationIsVisible = 0;
			defaultConfigurationName = Release;
		};
/* End XCConfigurationList section */
	};
	rootObject = 1041768123E9E7CA00245782 /* Project object */;
}
